
Microsoft Visual Studio Solution File, Format Version 10.00
# Visual Studio 2008
Project("{F184B08F-C81C-45F6-A57F-5ABD9991F28F}") = "SMS_Sender", "SMS_Sender\SMS_Sender.vbproj", "{81D6EA8B-B64F-4591-A6FE-55FF1559D74E}"
EndProject
Global
	GlobalSection(SolutionConfigurationPlatforms) = preSolution
		Debug|Any CPU = Debug|Any CPU
		Release|Any CPU = Release|Any CPU
	EndGlobalSection
	GlobalSection(ProjectConfigurationPlatforms) = postSolution
		{81D6EA8B-B64F-4591-A6FE-55FF1559D74E}.Debug|Any CPU.ActiveCfg = Debug|Any CPU
		{81D6EA8B-B64F-4591-A6FE-55FF1559D74E}.Debug|Any CPU.Build.0 = Debug|Any CPU
		{81D6EA8B-B64F-4591-A6FE-55FF1559D74E}.Release|Any CPU.ActiveCfg = Release|Any CPU
		{81D6EA8B-B64F-4591-A6FE-55FF1559D74E}.Release|Any CPU.Build.0 = Release|Any CPU
	EndGlobalSection
	GlobalSection(SolutionProperties) = preSolution
		HideSolutionNode = FALSE
	EndGlobalSection
EndGlobal
